Microsoft Visual Studio Solution File, Format Version 12.00
# Visual Studio Version 17
VisualStudioVersion = 17.5.2.0
MinimumVisualStudioVersion = 10.0.40219.1
Project("{FAE04EC0-301F-11D3-BF4B-00C04F79EFBC}") = "PetHero.Api", "PetHero.Api.csproj", "{FF86D705-3FCD-A2C1-D123-3CD7E9EE5C7E}"
EndProject
Global
	GlobalSection(SolutionConfigurationPlatforms) = preSolution
		Debug|Any CPU = Debug|Any CPU
		Release|Any CPU = Release|Any CPU
	EndGlobalSection
	GlobalSection(ProjectConfigurationPlatforms) = postSolution
		{FF86D705-3FCD-A2C1-D123-3CD7E9EE5C7E}.Debug|Any CPU.ActiveCfg = Debug|Any CPU
		{FF86D705-3FCD-A2C1-D123-3CD7E9EE5C7E}.Debug|Any CPU.Build.0 = Debug|Any CPU
		{FF86D705-3FCD-A2C1-D123-3CD7E9EE5C7E}.Release|Any CPU.ActiveCfg = Release|Any CPU
		{FF86D705-3FCD-A2C1-D123-3CD7E9EE5C7E}.Release|Any CPU.Build.0 = Release|Any CPU
	EndGlobalSection
	GlobalSection(SolutionProperties) = preSolution
		HideSolutionNode = FALSE
	EndGlobalSection
	GlobalSection(ExtensibilityGlobals) = postSolution
		SolutionGuid = {0D3154E7-DDC9-4221-9A29-E812398BA42B}
	EndGlobalSection
EndGlobal
